
Microsoft Visual Studio Solution File, Format Version 12.00
# Visual Studio Version 17
VisualStudioVersion = 17.11.35222.181
MinimumVisualStudioVersion = 10.0.40219.1
Project("{FAE04EC0-301F-11D3-BF4B-00C04F79EFBC}") = "vpn", "vpn\vpn.csproj", "{D97640FD-2161-448D-9DA0-EF3054937E64}"
EndProject
Global
	GlobalSection(SolutionConfigurationPlatforms) = preSolution
		Debug|Any CPU = Debug|Any CPU
		Release|Any CPU = Release|Any CPU
	EndGlobalSection
	GlobalSection(ProjectConfigurationPlatforms) = postSolution
		{D97640FD-2161-448D-9DA0-EF3054937E64}.Debug|Any CPU.ActiveCfg = Debug|Any CPU
		{D97640FD-2161-448D-9DA0-EF3054937E64}.Debug|Any CPU.Build.0 = Debug|Any CPU
		{D97640FD-2161-448D-9DA0-EF3054937E64}.Release|Any CPU.ActiveCfg = Release|Any CPU
		{D97640FD-2161-448D-9DA0-EF3054937E64}.Release|Any CPU.Build.0 = Release|Any CPU
	EndGlobalSection
	GlobalSection(SolutionProperties) = preSolution
		HideSolutionNode = FALSE
	EndGlobalSection
	GlobalSection(ExtensibilityGlobals) = postSolution
		SolutionGuid = {2107092D-07CB-409E-96DC-18606658F84F}
	EndGlobalSection
EndGlobal
